
Microsoft Visual Studio Solution File, Format Version 11.00
# Visual Studio 2010
Project("{FAE04EC0-301F-11D3-BF4B-00C04F79EFBC}") = "mono-mvc-nhibernate", "mono-mvc-nhibernate\mono-mvc-nhibernate.csproj", "{D1F983AC-3F93-4661-BEE2-ADF968F71313}"
EndProject
Global
	GlobalSection(SolutionConfigurationPlatforms) = preSolution
		Debug|Any CPU = Debug|Any CPU
		Release|Any CPU = Release|Any CPU
	EndGlobalSection
	GlobalSection(ProjectConfigurationPlatforms) = postSolution
		{D1F983AC-3F93-4661-BEE2-ADF968F71313}.Debug|Any CPU.ActiveCfg = Debug|Any CPU
		{D1F983AC-3F93-4661-BEE2-ADF968F71313}.Debug|Any CPU.Build.0 = Debug|Any CPU
		{D1F983AC-3F93-4661-BEE2-ADF968F71313}.Release|Any CPU.ActiveCfg = Release|Any CPU
		{D1F983AC-3F93-4661-BEE2-ADF968F71313}.Release|Any CPU.Build.0 = Release|Any CPU
	EndGlobalSection
	GlobalSection(MonoDevelopProperties) = preSolution
		StartupItem = mono-mvc-nhibernate\mono-mvc-nhibernate.csproj
	EndGlobalSection
EndGlobal
